// !$*UTF8*$!
{
	archiveVersion = 1;
	classes = {
	};
	objectVersion = 77;
	objects = {

/* Begin PBXBuildFile section */
		CC5612812CE763DA001538DE /* AgmenaPro-Regular.ttf in Resources */ = {isa = PBXBuildFile; fileRef = CC56127B2CE763DA001538DE /* AgmenaPro-Regular.ttf */; };
		CC56133D2CE83E79001538DE /* death.m4a in Resources */ = {isa = PBXBuildFile; fileRef = CC56133B2CE83E79001538DE /* death.m4a */; };
		CC56133E2CE83E79001538DE /* victory.m4a in Resources */ = {isa = PBXBuildFile; fileRef = CC56133C2CE83E79001538DE /* victory.m4a */; };
		CC5613412CE83F73001538DE /* AudioToolbox.framework in Frameworks */ = {isa = PBXBuildFile; fileRef = CC5613402CE83F73001538DE /* AudioToolbox.framework */; };
		CC5613432CE83F84001538DE /* CoreText.framework in Frameworks */ = {isa = PBXBuildFile; fileRef = CC5613422CE83F84001538DE /* CoreText.framework */; };
		CC5613452CE83F93001538DE /* CoreVideo.framework in Frameworks */ = {isa = PBXBuildFile; fileRef = CC5613442CE83F93001538DE /* CoreVideo.framework */; };
/* End PBXBuildFile section */

/* Begin PBXFileReference section */
		CC5612452CE759BE001538DE /* eldenalert.app */ = {isa = PBXFileReference; explicitFileType = wrapper.application; includeInIndex = 0; path = eldenalert.app; sourceTree = BUILT_PRODUCTS_DIR; };
		CC56127B2CE763DA001538DE /* AgmenaPro-Regular.ttf */ = {isa = PBXFileReference; lastKnownFileType = file; path = "AgmenaPro-Regular.ttf"; sourceTree = "<group>"; };
		CC56133B2CE83E79001538DE /* death.m4a */ = {isa = PBXFileReference; lastKnownFileType = file; path = death.m4a; sourceTree = "<group>"; };
		CC56133C2CE83E79001538DE /* victory.m4a */ = {isa = PBXFileReference; lastKnownFileType = file; path = victory.m4a; sourceTree = "<group>"; };
		CC5613402CE83F73001538DE /* AudioToolbox.framework */ = {isa = PBXFileReference; lastKnownFileType = wrapper.framework; name = AudioToolbox.framework; path = System/Library/Frameworks/AudioToolbox.framework; sourceTree = SDKROOT; };
		CC5613422CE83F84001538DE /* CoreText.framework */ = {isa = PBXFileReference; lastKnownFileType = wrapper.framework; name = CoreText.framework; path = System/Library/Frameworks/CoreText.framework; sourceTree = SDKROOT; };
		CC5613442CE83F93001538DE /* CoreVideo.framework */ = {isa = PBXFileReference; lastKnownFileType = wrapper.framework; name = CoreVideo.framework; path = System/Library/Frameworks/CoreVideo.framework; sourceTree = SDKROOT; };
/* End PBXFileReference section */

/* Begin PBXFileSystemSynchronizedBuildFileExceptionSet section */
		CC5612832CE76415001538DE /* Exceptions for "eldenalert" folder in "eldenalert" target */ = {
			isa = PBXFileSystemSynchronizedBuildFileExceptionSet;
			membershipExceptions = (
				Info.plist,
			);
			target = CC5612442CE759BE001538DE /* eldenalert */;
		};
/* End PBXFileSystemSynchronizedBuildFileExceptionSet section */

/* Begin PBXFileSystemSynchronizedRootGroup section */
		CC5612472CE759BE001538DE /* eldenalert */ = {
			isa = PBXFileSystemSynchronizedRootGroup;
			exceptions = (
				CC5612832CE76415001538DE /* Exceptions for "eldenalert" folder in "eldenalert" target */,
			);
			path = eldenalert;
			sourceTree = "<group>";
		};
/* End PBXFileSystemSynchronizedRootGroup section */

/* Begin PBXFrameworksBuildPhase section */
		CC5612422CE759BE001538DE /* Frameworks */ = {
			isa = PBXFrameworksBuildPhase;
			buildActionMask = 2147483647;
			files = (
				CC5613412CE83F73001538DE /* AudioToolbox.framework in Frameworks */,
				CC5613432CE83F84001538DE /* CoreText.framework in Frameworks */,
				CC5613452CE83F93001538DE /* CoreVideo.framework in Frameworks */,
			);
			runOnlyForDeploymentPostprocessing = 0;
		};
/* End PBXFrameworksBuildPhase section */

/* Begin PBXGroup section */
		CC56123C2CE759BE001538DE = {
			isa = PBXGroup;
			children = (
				CC56133A2CE83E6D001538DE /* SFX */,
				CC5612472CE759BE001538DE /* eldenalert */,
				CC5612462CE759BE001538DE /* Products */,
				CC5612752CE763C8001538DE /* Fonts */,
				CC56133F2CE83F73001538DE /* Frameworks */,
			);
			sourceTree = "<group>";
		};
		CC5612462CE759BE001538DE /* Products */ = {
			isa = PBXGroup;
			children = (
				CC5612452CE759BE001538DE /* eldenalert.app */,
			);
			name = Products;
			sourceTree = "<group>";
		};
		CC5612752CE763C8001538DE /* Fonts */ = {
			isa = PBXGroup;
			children = (
				CC56127B2CE763DA001538DE /* AgmenaPro-Regular.ttf */,
			);
			path = Fonts;
			sourceTree = "<group>";
		};
		CC56133A2CE83E6D001538DE /* SFX */ = {
			isa = PBXGroup;
			children = (
				CC56133B2CE83E79001538DE /* death.m4a */,
				CC56133C2CE83E79001538DE /* victory.m4a */,
			);
			path = SFX;
			sourceTree = "<group>";
		};
		CC56133F2CE83F73001538DE /* Frameworks */ = {
			isa = PBXGroup;
			children = (
				CC5613442CE83F93001538DE /* CoreVideo.framework */,
				CC5613422CE83F84001538DE /* CoreText.framework */,
				CC5613402CE83F73001538DE /* AudioToolbox.framework */,
			);
			name = Frameworks;
			sourceTree = "<group>";
		};
/* End PBXGroup section */

/* Begin PBXNativeTarget section */
		CC5612442CE759BE001538DE /* eldenalert */ = {
			isa = PBXNativeTarget;
			buildConfigurationList = CC5612582CE759BF001538DE /* Build configuration list for PBXNativeTarget "eldenalert" */;
			buildPhases = (
				CC5612412CE759BE001538DE /* Sources */,
				CC5612422CE759BE001538DE /* Frameworks */,
				CC5612432CE759BE001538DE /* Resources */,
			);
			buildRules = (
			);
			dependencies = (
			);
			fileSystemSynchronizedGroups = (
				CC5612472CE759BE001538DE /* eldenalert */,
			);
			name = eldenalert;
			packageProductDependencies = (
			);
			productName = elderalert;
			productReference = CC5612452CE759BE001538DE /* eldenalert.app */;
			productType = "com.apple.product-type.application";
		};
/* End PBXNativeTarget section */

/* Begin PBXProject section */
		CC56123D2CE759BE001538DE /* Project object */ = {
			isa = PBXProject;
			attributes = {
				BuildIndependentTargetsInParallel = 1;
				LastUpgradeCheck = 1610;
				TargetAttributes = {
					CC5612442CE759BE001538DE = {
						CreatedOnToolsVersion = 16.1;
					};
				};
			};
			buildConfigurationList = CC5612402CE759BE001538DE /* Build configuration list for PBXProject "eldenalert" */;
			developmentRegion = en;
			hasScannedForEncodings = 0;
			knownRegions = (
				en,
				Base,
			);
			mainGroup = CC56123C2CE759BE001538DE;
			minimizedProjectReferenceProxies = 1;
			preferredProjectObjectVersion = 77;
			productRefGroup = CC5612462CE759BE001538DE /* Products */;
			projectDirPath = "";
			projectRoot = "";
			targets = (
				CC5612442CE759BE001538DE /* eldenalert */,
			);
		};
/* End PBXProject section */

/* Begin PBXResourcesBuildPhase section */
		CC5612432CE759BE001538DE /* Resources */ = {
			isa = PBXResourcesBuildPhase;
			buildActionMask = 2147483647;
			files = (
				CC5612812CE763DA001538DE /* AgmenaPro-Regular.ttf in Resources */,
				CC56133D2CE83E79001538DE /* death.m4a in Resources */,
				CC56133E2CE83E79001538DE /* victory.m4a in Resources */,
			);
			runOnlyForDeploymentPostprocessing = 0;
		};
/* End PBXResourcesBuildPhase section */

/* Begin PBXSourcesBuildPhase section */
		CC5612412CE759BE001538DE /* Sources */ = {
			isa = PBXSourcesBuildPhase;
			buildActionMask = 2147483647;
			files = (
			);
			runOnlyForDeploymentPostprocessing = 0;
		};
/* End PBXSourcesBuildPhase section */

/* Begin XCBuildConfiguration section */
		CC5612562CE759BF001538DE /* Debug */ = {
			isa = XCBuildConfiguration;
			buildSettings = {
				ALWAYS_SEARCH_USER_PATHS = NO;
				ASSETCATALOG_COMPILER_GENERATE_SWIFT_ASSET_SYMBOL_EXTENSIONS = YES;
				CLANG_ANALYZER_NONNULL = YES;
				CLANG_ANALYZER_NUMBER_OBJECT_CONVERSION = YES_AGGRESSIVE;
				CLANG_CXX_LANGUAGE_STANDARD = "gnu++20";
				CLANG_ENABLE_MODULES = YES;
				CLANG_ENABLE_OBJC_ARC = YES;
				CLANG_ENABLE_OBJC_WEAK = YES;
				CLANG_WARN_BLOCK_CAPTURE_AUTORELEASING = YES;
				CLANG_WARN_BOOL_CONVERSION = YES;
				CLANG_WARN_COMMA = YES;
				CLANG_WARN_CONSTANT_CONVERSION = YES;
				CLANG_WARN_DEPRECATED_OBJC_IMPLEMENTATIONS = YES;
				CLANG_WARN_DIRECT_OBJC_ISA_USAGE = YES_ERROR;
				CLANG_WARN_DOCUMENTATION_COMMENTS = YES;
				CLANG_WARN_EMPTY_BODY = YES;
				CLANG_WARN_ENUM_CONVERSION = YES;
				CLANG_WARN_INFINITE_RECURSION = YES;
				CLANG_WARN_INT_CONVERSION = YES;
				CLANG_WARN_NON_LITERAL_NULL_CONVERSION = YES;
				CLANG_WARN_OBJC_IMPLICIT_RETAIN_SELF = YES;
				CLANG_WARN_OBJC_LITERAL_CONVERSION = YES;
				CLANG_WARN_OBJC_ROOT_CLASS = YES_ERROR;
				CLANG_WARN_QUOTED_INCLUDE_IN_FRAMEWORK_HEADER = YES;
				CLANG_WARN_RANGE_LOOP_ANALYSIS = YES;
				CLANG_WARN_STRICT_PROTOTYPES = YES;
				CLANG_WARN_SUSPICIOUS_MOVE = YES;
				CLANG_WARN_UNGUARDED_AVAILABILITY = YES_AGGRESSIVE;
				CLANG_WARN_UNREACHABLE_CODE = YES;
				CLANG_WARN__DUPLICATE_METHOD_MATCH = YES;
				COPY_PHASE_STRIP = NO;
				DEBUG_INFORMATION_FORMAT = dwarf;
				ENABLE_STRICT_OBJC_MSGSEND = YES;
				ENABLE_TESTABILITY = YES;
				ENABLE_USER_SCRIPT_SANDBOXING = YES;
				GCC_C_LANGUAGE_STANDARD = gnu17;
				GCC_DYNAMIC_NO_PIC = NO;
				GCC_NO_COMMON_BLOCKS = YES;
				GCC_OPTIMIZATION_LEVEL = 0;
				GCC_PREPROCESSOR_DEFINITIONS = (
					"DEBUG=1",
					"$(inherited)",
				);
				GCC_WARN_64_TO_32_BIT_CONVERSION = YES;
				GCC_WARN_ABOUT_RETURN_TYPE = YES_ERROR;
				GCC_WARN_UNDECLARED_SELECTOR = YES;
				GCC_WARN_UNINITIALIZED_AUTOS = YES_AGGRESSIVE;
				GCC_WARN_UNUSED_FUNCTION = YES;
				GCC_WARN_UNUSED_VARIABLE = YES;
				LOCALIZATION_PREFERS_STRING_CATALOGS = YES;
				MACOSX_DEPLOYMENT_TARGET = 11.5;
				MTL_ENABLE_DEBUG_INFO = INCLUDE_SOURCE;
				MTL_FAST_MATH = YES;
				ONLY_ACTIVE_ARCH = YES;
				SDKROOT = macosx;
			};
			name = Debug;
		};
		CC5612572CE759BF001538DE /* Release */ = {
			isa = XCBuildConfiguration;
			buildSettings = {
				ALWAYS_SEARCH_USER_PATHS = NO;
				ASSETCATALOG_COMPILER_GENERATE_SWIFT_ASSET_SYMBOL_EXTENSIONS = YES;
				CLANG_ANALYZER_NONNULL = YES;
				CLANG_ANALYZER_NUMBER_OBJECT_CONVERSION = YES_AGGRESSIVE;
				CLANG_CXX_LANGUAGE_STANDARD = "gnu++20";
				CLANG_ENABLE_MODULES = YES;
				CLANG_ENABLE_OBJC_ARC = YES;
				CLANG_ENABLE_OBJC_WEAK = YES;
				CLANG_WARN_BLOCK_CAPTURE_AUTORELEASING = YES;
				CLANG_WARN_BOOL_CONVERSION = YES;
				CLANG_WARN_COMMA = YES;
				CLANG_WARN_CONSTANT_CONVERSION = YES;
				CLANG_WARN_DEPRECATED_OBJC_IMPLEMENTATIONS = YES;
				CLANG_WARN_DIRECT_OBJC_ISA_USAGE = YES_ERROR;
				CLANG_WARN_DOCUMENTATION_COMMENTS = YES;
				CLANG_WARN_EMPTY_BODY = YES;
				CLANG_WARN_ENUM_CONVERSION = YES;
				CLANG_WARN_INFINITE_RECURSION = YES;
				CLANG_WARN_INT_CONVERSION = YES;
				CLANG_WARN_NON_LITERAL_NULL_CONVERSION = YES;
				CLANG_WARN_OBJC_IMPLICIT_RETAIN_SELF = YES;
				CLANG_WARN_OBJC_LITERAL_CONVERSION = YES;
				CLANG_WARN_OBJC_ROOT_CLASS = YES_ERROR;
				CLANG_WARN_QUOTED_INCLUDE_IN_FRAMEWORK_HEADER = YES;
				CLANG_WARN_RANGE_LOOP_ANALYSIS = YES;
				CLANG_WARN_STRICT_PROTOTYPES = YES;
				CLANG_WARN_SUSPICIOUS_MOVE = YES;
				CLANG_WARN_UNGUARDED_AVAILABILITY = YES_AGGRESSIVE;
				CLANG_WARN_UNREACHABLE_CODE = YES;
				CLANG_WARN__DUPLICATE_METHOD_MATCH = YES;
				COPY_PHASE_STRIP = NO;
				DEBUG_INFORMATION_FORMAT = "dwarf-with-dsym";
				ENABLE_NS_ASSERTIONS = NO;
				ENABLE_STRICT_OBJC_MSGSEND = YES;
				ENABLE_USER_SCRIPT_SANDBOXING = YES;
				GCC_C_LANGUAGE_STANDARD = gnu17;
				GCC_NO_COMMON_BLOCKS = YES;
				GCC_WARN_64_TO_32_BIT_CONVERSION = YES;
				GCC_WARN_ABOUT_RETURN_TYPE = YES_ERROR;
				GCC_WARN_UNDECLARED_SELECTOR = YES;
				GCC_WARN_UNINITIALIZED_AUTOS = YES_AGGRESSIVE;
				GCC_WARN_UNUSED_FUNCTION = YES;
				GCC_WARN_UNUSED_VARIABLE = YES;
				LOCALIZATION_PREFERS_STRING_CATALOGS = YES;
				MACOSX_DEPLOYMENT_TARGET = 11.5;
				MTL_ENABLE_DEBUG_INFO = NO;
				MTL_FAST_MATH = YES;
				SDKROOT = macosx;
			};
			name = Release;
		};
		CC5612592CE759BF001538DE /* Debug */ = {
			isa = XCBuildConfiguration;
			buildSettings = {
				ASSETCATALOG_COMPILER_APPICON_NAME = AppIcon;
				ASSETCATALOG_COMPILER_GLOBAL_ACCENT_COLOR_NAME = AccentColor;
				CODE_SIGN_ENTITLEMENTS = eldenalert/eldenalert.entitlements;
				CODE_SIGN_STYLE = Automatic;
				COMBINE_HIDPI_IMAGES = YES;
				CURRENT_PROJECT_VERSION = 1;
				GENERATE_INFOPLIST_FILE = YES;
				INFOPLIST_FILE = eldenalert/Info.plist;
				INFOPLIST_KEY_CFBundleDisplayName = "Elden Alert";
				INFOPLIST_KEY_LSUIElement = YES;
				INFOPLIST_KEY_NSHumanReadableCopyright = "";
				INFOPLIST_KEY_NSMainStoryboardFile = Main;
				INFOPLIST_KEY_NSPrincipalClass = NSApplication;
				LD_RUNPATH_SEARCH_PATHS = (
					"$(inherited)",
					"@executable_path/../Frameworks",
				);
				MACOSX_DEPLOYMENT_TARGET = 11.5;
				MARKETING_VERSION = 1.0;
				PRODUCT_BUNDLE_IDENTIFIER = moe.uwucocoa.eldenalert;
				PRODUCT_NAME = "$(TARGET_NAME)";
				SWIFT_EMIT_LOC_STRINGS = YES;
			};
			name = Debug;
		};
		CC56125A2CE759BF001538DE /* Release */ = {
			isa = XCBuildConfiguration;
			buildSettings = {
				ASSETCATALOG_COMPILER_APPICON_NAME = AppIcon;
				ASSETCATALOG_COMPILER_GLOBAL_ACCENT_COLOR_NAME = AccentColor;
				CODE_SIGN_ENTITLEMENTS = eldenalert/eldenalert.entitlements;
				CODE_SIGN_STYLE = Automatic;
				COMBINE_HIDPI_IMAGES = YES;
				CURRENT_PROJECT_VERSION = 1;
				GENERATE_INFOPLIST_FILE = YES;
				INFOPLIST_FILE = eldenalert/Info.plist;
				INFOPLIST_KEY_CFBundleDisplayName = "Elden Alert";
				INFOPLIST_KEY_LSUIElement = YES;
				INFOPLIST_KEY_NSHumanReadableCopyright = "";
				INFOPLIST_KEY_NSMainStoryboardFile = Main;
				INFOPLIST_KEY_NSPrincipalClass = NSApplication;
				LD_RUNPATH_SEARCH_PATHS = (
					"$(inherited)",
					"@executable_path/../Frameworks",
				);
				MACOSX_DEPLOYMENT_TARGET = 11.5;
				MARKETING_VERSION = 1.0;
				PRODUCT_BUNDLE_IDENTIFIER = moe.uwucocoa.eldenalert;
				PRODUCT_NAME = "$(TARGET_NAME)";
				SWIFT_EMIT_LOC_STRINGS = YES;
			};
			name = Release;
		};
/* End XCBuildConfiguration section */

/* Begin XCConfigurationList section */
		CC5612402CE759BE001538DE /* Build configuration list for PBXProject "eldenalert" */ = {
			isa = XCConfigurationList;
			buildConfigurations = (
				CC5612562CE759BF001538DE /* Debug */,
				CC5612572CE759BF001538DE /* Release */,
			);
			defaultConfigurationIsVisible = 0;
			defaultConfigurationName = Release;
		};
		CC5612582CE759BF001538DE /* Build configuration list for PBXNativeTarget "eldenalert" */ = {
			isa = XCConfigurationList;
			buildConfigurations = (
				CC5612592CE759BF001538DE /* Debug */,
				CC56125A2CE759BF001538DE /* Release */,
			);
			defaultConfigurationIsVisible = 0;
			defaultConfigurationName = Release;
		};
/* End XCConfigurationList section */
	};
	rootObject = CC56123D2CE759BE001538DE /* Project object */;
}
