// !$*UTF8*$!
{
	archiveVersion = 1;
	classes = {
	};
	objectVersion = 56;
	objects = {

/* Begin PBXBuildFile section */
		CCD16AAD2CE8D80B00FF9A8C /* Assets.xcassets in Resources */ = {isa = PBXBuildFile; fileRef = CCD16AAC2CE8D80B00FF9A8C /* Assets.xcassets */; };
		CCD16AB02CE8D80C00FF9A8C /* Base in Resources */ = {isa = PBXBuildFile; fileRef = CCD16AAF2CE8D80C00FF9A8C /* Base */; };
		CCD16ABB2CE8D82800FF9A8C /* AgmenaPro-Regular.ttf in Resources */ = {isa = PBXBuildFile; fileRef = CCD16AB92CE8D82800FF9A8C /* AgmenaPro-Regular.ttf */; };
		CCD16ABF2CE8D83900FF9A8C /* death.m4a in Resources */ = {isa = PBXBuildFile; fileRef = CCD16ABC2CE8D83900FF9A8C /* death.m4a */; };
		CCD16AC02CE8D83900FF9A8C /* victory.m4a in Resources */ = {isa = PBXBuildFile; fileRef = CCD16ABD2CE8D83900FF9A8C /* victory.m4a */; };
		CCD16AD22CE8D85800FF9A8C /* AppDelegate.m in Sources */ = {isa = PBXBuildFile; fileRef = CCD16AC32CE8D85800FF9A8C /* AppDelegate.m */; };
		CCD16AD32CE8D85800FF9A8C /* OverlayWindow.m in Sources */ = {isa = PBXBuildFile; fileRef = CCD16AC52CE8D85800FF9A8C /* OverlayWindow.m */; };
		CCD16AD42CE8D85800FF9A8C /* FontManager.m in Sources */ = {isa = PBXBuildFile; fileRef = CCD16AC72CE8D85800FF9A8C /* FontManager.m */; };
		CCD16AD52CE8D85800FF9A8C /* EldenAlertView.m in Sources */ = {isa = PBXBuildFile; fileRef = CCD16AC92CE8D85800FF9A8C /* EldenAlertView.m */; };
		CCD16AD62CE8D85800FF9A8C /* TextFieldWithSpacing.m in Sources */ = {isa = PBXBuildFile; fileRef = CCD16ACB2CE8D85800FF9A8C /* TextFieldWithSpacing.m */; };
		CCD16AD72CE8D85800FF9A8C /* GradientView.m in Sources */ = {isa = PBXBuildFile; fileRef = CCD16ACC2CE8D85800FF9A8C /* GradientView.m */; };
		CCD16AD82CE8D85800FF9A8C /* main.m in Sources */ = {isa = PBXBuildFile; fileRef = CCD16ACE2CE8D85800FF9A8C /* main.m */; };
		CCD16AD92CE8D85800FF9A8C /* OverlayWindowController.m in Sources */ = {isa = PBXBuildFile; fileRef = CCD16AD02CE8D85800FF9A8C /* OverlayWindowController.m */; };
/* End PBXBuildFile section */

/* Begin PBXFileReference section */
		CCD16AA32CE8D80B00FF9A8C /* eldenalert.app */ = {isa = PBXFileReference; explicitFileType = wrapper.application; includeInIndex = 0; path = eldenalert.app; sourceTree = BUILT_PRODUCTS_DIR; };
		CCD16AAC2CE8D80B00FF9A8C /* Assets.xcassets */ = {isa = PBXFileReference; lastKnownFileType = folder.assetcatalog; path = Assets.xcassets; sourceTree = "<group>"; };
		CCD16AAF2CE8D80C00FF9A8C /* Base */ = {isa = PBXFileReference; lastKnownFileType = file.storyboard; name = Base; path = Base.lproj/Main.storyboard; sourceTree = "<group>"; };
		CCD16AB32CE8D80C00FF9A8C /* eldenalert.entitlements */ = {isa = PBXFileReference; lastKnownFileType = text.plist.entitlements; path = eldenalert.entitlements; sourceTree = "<group>"; };
		CCD16AB92CE8D82800FF9A8C /* AgmenaPro-Regular.ttf */ = {isa = PBXFileReference; lastKnownFileType = file; path = "AgmenaPro-Regular.ttf"; sourceTree = "<group>"; };
		CCD16ABC2CE8D83900FF9A8C /* death.m4a */ = {isa = PBXFileReference; lastKnownFileType = file; path = death.m4a; sourceTree = "<group>"; };
		CCD16ABD2CE8D83900FF9A8C /* victory.m4a */ = {isa = PBXFileReference; lastKnownFileType = file; path = victory.m4a; sourceTree = "<group>"; };
		CCD16AC12CE8D85800FF9A8C /* ExportOptions.plist */ = {isa = PBXFileReference; fileEncoding = 4; lastKnownFileType = text.plist.xml; path = ExportOptions.plist; sourceTree = "<group>"; };
		CCD16AC22CE8D85800FF9A8C /* FontManager.h */ = {isa = PBXFileReference; fileEncoding = 4; lastKnownFileType = sourcecode.c.h; path = FontManager.h; sourceTree = "<group>"; };
		CCD16AC32CE8D85800FF9A8C /* AppDelegate.m */ = {isa = PBXFileReference; fileEncoding = 4; lastKnownFileType = sourcecode.c.objc; name = AppDelegate.m; path = ../../eldenalert1/eldenalert/AppDelegate.m; sourceTree = "<group>"; };
		CCD16AC42CE8D85800FF9A8C /* OverlayWindowController.h */ = {isa = PBXFileReference; fileEncoding = 4; lastKnownFileType = sourcecode.c.h; path = OverlayWindowController.h; sourceTree = "<group>"; };
		CCD16AC52CE8D85800FF9A8C /* OverlayWindow.m */ = {isa = PBXFileReference; fileEncoding = 4; lastKnownFileType = sourcecode.c.objc; path = OverlayWindow.m; sourceTree = "<group>"; };
		CCD16AC62CE8D85800FF9A8C /* EldenAlertView.h */ = {isa = PBXFileReference; fileEncoding = 4; lastKnownFileType = sourcecode.c.h; path = EldenAlertView.h; sourceTree = "<group>"; };
		CCD16AC72CE8D85800FF9A8C /* FontManager.m */ = {isa = PBXFileReference; fileEncoding = 4; lastKnownFileType = sourcecode.c.objc; path = FontManager.m; sourceTree = "<group>"; };
		CCD16AC82CE8D85800FF9A8C /* AppDelegate.h */ = {isa = PBXFileReference; fileEncoding = 4; lastKnownFileType = sourcecode.c.h; name = AppDelegate.h; path = ../../eldenalert1/eldenalert/AppDelegate.h; sourceTree = "<group>"; };
		CCD16AC92CE8D85800FF9A8C /* EldenAlertView.m */ = {isa = PBXFileReference; fileEncoding = 4; lastKnownFileType = sourcecode.c.objc; path = EldenAlertView.m; sourceTree = "<group>"; };
		CCD16ACA2CE8D85800FF9A8C /* TextFieldWithSpacing.h */ = {isa = PBXFileReference; fileEncoding = 4; lastKnownFileType = sourcecode.c.h; path = TextFieldWithSpacing.h; sourceTree = "<group>"; };
		CCD16ACB2CE8D85800FF9A8C /* TextFieldWithSpacing.m */ = {isa = PBXFileReference; fileEncoding = 4; lastKnownFileType = sourcecode.c.objc; path = TextFieldWithSpacing.m; sourceTree = "<group>"; };
		CCD16ACC2CE8D85800FF9A8C /* GradientView.m */ = {isa = PBXFileReference; fileEncoding = 4; lastKnownFileType = sourcecode.c.objc; path = GradientView.m; sourceTree = "<group>"; };
		CCD16ACD2CE8D85800FF9A8C /* OverlayWindow.h */ = {isa = PBXFileReference; fileEncoding = 4; lastKnownFileType = sourcecode.c.h; path = OverlayWindow.h; sourceTree = "<group>"; };
		CCD16ACE2CE8D85800FF9A8C /* main.m */ = {isa = PBXFileReference; fileEncoding = 4; lastKnownFileType = sourcecode.c.objc; name = main.m; path = ../../eldenalert1/eldenalert/main.m; sourceTree = "<group>"; };
		CCD16ACF2CE8D85800FF9A8C /* GradientView.h */ = {isa = PBXFileReference; fileEncoding = 4; lastKnownFileType = sourcecode.c.h; path = GradientView.h; sourceTree = "<group>"; };
		CCD16AD02CE8D85800FF9A8C /* OverlayWindowController.m */ = {isa = PBXFileReference; fileEncoding = 4; lastKnownFileType = sourcecode.c.objc; path = OverlayWindowController.m; sourceTree = "<group>"; };
		CCD16ADA2CE8D8A400FF9A8C /* Info.plist */ = {isa = PBXFileReference; lastKnownFileType = text.plist; path = Info.plist; sourceTree = "<group>"; };
/* End PBXFileReference section */

/* Begin PBXFrameworksBuildPhase section */
		CCD16AA02CE8D80B00FF9A8C /* Frameworks */ = {
			isa = PBXFrameworksBuildPhase;
			buildActionMask = 2147483647;
			files = (
			);
			runOnlyForDeploymentPostprocessing = 0;
		};
/* End PBXFrameworksBuildPhase section */

/* Begin PBXGroup section */
		CCD16A9A2CE8D80B00FF9A8C = {
			isa = PBXGroup;
			children = (
				CCD16AA52CE8D80B00FF9A8C /* eldenalert */,
				CCD16AA42CE8D80B00FF9A8C /* Products */,
			);
			sourceTree = "<group>";
		};
		CCD16AA42CE8D80B00FF9A8C /* Products */ = {
			isa = PBXGroup;
			children = (
				CCD16AA32CE8D80B00FF9A8C /* eldenalert.app */,
			);
			name = Products;
			sourceTree = "<group>";
		};
		CCD16AA52CE8D80B00FF9A8C /* eldenalert */ = {
			isa = PBXGroup;
			children = (
				CCD16ADA2CE8D8A400FF9A8C /* Info.plist */,
				CCD16AAC2CE8D80B00FF9A8C /* Assets.xcassets */,
				CCD16AC82CE8D85800FF9A8C /* AppDelegate.h */,
				CCD16AC32CE8D85800FF9A8C /* AppDelegate.m */,
				CCD16AC62CE8D85800FF9A8C /* EldenAlertView.h */,
				CCD16AC92CE8D85800FF9A8C /* EldenAlertView.m */,
				CCD16AC12CE8D85800FF9A8C /* ExportOptions.plist */,
				CCD16AC22CE8D85800FF9A8C /* FontManager.h */,
				CCD16AC72CE8D85800FF9A8C /* FontManager.m */,
				CCD16ACF2CE8D85800FF9A8C /* GradientView.h */,
				CCD16ACC2CE8D85800FF9A8C /* GradientView.m */,
				CCD16ACE2CE8D85800FF9A8C /* main.m */,
				CCD16ACD2CE8D85800FF9A8C /* OverlayWindow.h */,
				CCD16AC52CE8D85800FF9A8C /* OverlayWindow.m */,
				CCD16AC42CE8D85800FF9A8C /* OverlayWindowController.h */,
				CCD16AD02CE8D85800FF9A8C /* OverlayWindowController.m */,
				CCD16ACA2CE8D85800FF9A8C /* TextFieldWithSpacing.h */,
				CCD16ACB2CE8D85800FF9A8C /* TextFieldWithSpacing.m */,
				CCD16AAE2CE8D80C00FF9A8C /* Main.storyboard */,
				CCD16AB32CE8D80C00FF9A8C /* eldenalert.entitlements */,
				CCD16ABE2CE8D83900FF9A8C /* SFX */,
				CCD16ABA2CE8D82800FF9A8C /* Fonts */,
			);
			path = eldenalert;
			sourceTree = "<group>";
		};
		CCD16ABA2CE8D82800FF9A8C /* Fonts */ = {
			isa = PBXGroup;
			children = (
				CCD16AB92CE8D82800FF9A8C /* AgmenaPro-Regular.ttf */,
			);
			path = Fonts;
			sourceTree = "<group>";
		};
		CCD16ABE2CE8D83900FF9A8C /* SFX */ = {
			isa = PBXGroup;
			children = (
				CCD16ABC2CE8D83900FF9A8C /* death.m4a */,
				CCD16ABD2CE8D83900FF9A8C /* victory.m4a */,
			);
			path = SFX;
			sourceTree = "<group>";
		};
/* End PBXGroup section */

/* Begin PBXNativeTarget section */
		CCD16AA22CE8D80B00FF9A8C /* eldenalert */ = {
			isa = PBXNativeTarget;
			buildConfigurationList = CCD16AB62CE8D80C00FF9A8C /* Build configuration list for PBXNativeTarget "eldenalert" */;
			buildPhases = (
				CCD16A9F2CE8D80B00FF9A8C /* Sources */,
				CCD16AA02CE8D80B00FF9A8C /* Frameworks */,
				CCD16AA12CE8D80B00FF9A8C /* Resources */,
			);
			buildRules = (
			);
			dependencies = (
			);
			name = eldenalert;
			productName = eldenalert;
			productReference = CCD16AA32CE8D80B00FF9A8C /* eldenalert.app */;
			productType = "com.apple.product-type.application";
		};
/* End PBXNativeTarget section */

/* Begin PBXProject section */
		CCD16A9B2CE8D80B00FF9A8C /* Project object */ = {
			isa = PBXProject;
			attributes = {
				BuildIndependentTargetsInParallel = 1;
				LastUpgradeCheck = 1540;
				TargetAttributes = {
					CCD16AA22CE8D80B00FF9A8C = {
						CreatedOnToolsVersion = 15.4;
					};
				};
			};
			buildConfigurationList = CCD16A9E2CE8D80B00FF9A8C /* Build configuration list for PBXProject "eldenalert" */;
			compatibilityVersion = "Xcode 14.0";
			developmentRegion = en;
			hasScannedForEncodings = 0;
			knownRegions = (
				en,
				Base,
			);
			mainGroup = CCD16A9A2CE8D80B00FF9A8C;
			productRefGroup = CCD16AA42CE8D80B00FF9A8C /* Products */;
			projectDirPath = "";
			projectRoot = "";
			targets = (
				CCD16AA22CE8D80B00FF9A8C /* eldenalert */,
			);
		};
/* End PBXProject section */

/* Begin PBXResourcesBuildPhase section */
		CCD16AA12CE8D80B00FF9A8C /* Resources */ = {
			isa = PBXResourcesBuildPhase;
			buildActionMask = 2147483647;
			files = (
				CCD16AAD2CE8D80B00FF9A8C /* Assets.xcassets in Resources */,
				CCD16ABB2CE8D82800FF9A8C /* AgmenaPro-Regular.ttf in Resources */,
				CCD16AB02CE8D80C00FF9A8C /* Base in Resources */,
				CCD16ABF2CE8D83900FF9A8C /* death.m4a in Resources */,
				CCD16AC02CE8D83900FF9A8C /* victory.m4a in Resources */,
			);
			runOnlyForDeploymentPostprocessing = 0;
		};
/* End PBXResourcesBuildPhase section */

/* Begin PBXSourcesBuildPhase section */
		CCD16A9F2CE8D80B00FF9A8C /* Sources */ = {
			isa = PBXSourcesBuildPhase;
			buildActionMask = 2147483647;
			files = (
				CCD16AD22CE8D85800FF9A8C /* AppDelegate.m in Sources */,
				CCD16AD92CE8D85800FF9A8C /* OverlayWindowController.m in Sources */,
				CCD16AD42CE8D85800FF9A8C /* FontManager.m in Sources */,
				CCD16AD32CE8D85800FF9A8C /* OverlayWindow.m in Sources */,
				CCD16AD52CE8D85800FF9A8C /* EldenAlertView.m in Sources */,
				CCD16AD72CE8D85800FF9A8C /* GradientView.m in Sources */,
				CCD16AD82CE8D85800FF9A8C /* main.m in Sources */,
				CCD16AD62CE8D85800FF9A8C /* TextFieldWithSpacing.m in Sources */,
			);
			runOnlyForDeploymentPostprocessing = 0;
		};
/* End PBXSourcesBuildPhase section */

/* Begin PBXVariantGroup section */
		CCD16AAE2CE8D80C00FF9A8C /* Main.storyboard */ = {
			isa = PBXVariantGroup;
			children = (
				CCD16AAF2CE8D80C00FF9A8C /* Base */,
			);
			name = Main.storyboard;
			sourceTree = "<group>";
		};
/* End PBXVariantGroup section */

/* Begin XCBuildConfiguration section */
		CCD16AB42CE8D80C00FF9A8C /* Debug */ = {
			isa = XCBuildConfiguration;
			buildSettings = {
				ALWAYS_SEARCH_USER_PATHS = NO;
				ASSETCATALOG_COMPILER_GENERATE_SWIFT_ASSET_SYMBOL_EXTENSIONS = YES;
				CLANG_ANALYZER_NONNULL = YES;
				CLANG_ANALYZER_NUMBER_OBJECT_CONVERSION = YES_AGGRESSIVE;
				CLANG_CXX_LANGUAGE_STANDARD = "gnu++20";
				CLANG_ENABLE_MODULES = YES;
				CLANG_ENABLE_OBJC_ARC = YES;
				CLANG_ENABLE_OBJC_WEAK = YES;
				CLANG_WARN_BLOCK_CAPTURE_AUTORELEASING = YES;
				CLANG_WARN_BOOL_CONVERSION = YES;
				CLANG_WARN_COMMA = YES;
				CLANG_WARN_CONSTANT_CONVERSION = YES;
				CLANG_WARN_DEPRECATED_OBJC_IMPLEMENTATIONS = YES;
				CLANG_WARN_DIRECT_OBJC_ISA_USAGE = YES_ERROR;
				CLANG_WARN_DOCUMENTATION_COMMENTS = YES;
				CLANG_WARN_EMPTY_BODY = YES;
				CLANG_WARN_ENUM_CONVERSION = YES;
				CLANG_WARN_INFINITE_RECURSION = YES;
				CLANG_WARN_INT_CONVERSION = YES;
				CLANG_WARN_NON_LITERAL_NULL_CONVERSION = YES;
				CLANG_WARN_OBJC_IMPLICIT_RETAIN_SELF = YES;
				CLANG_WARN_OBJC_LITERAL_CONVERSION = YES;
				CLANG_WARN_OBJC_ROOT_CLASS = YES_ERROR;
				CLANG_WARN_QUOTED_INCLUDE_IN_FRAMEWORK_HEADER = YES;
				CLANG_WARN_RANGE_LOOP_ANALYSIS = YES;
				CLANG_WARN_STRICT_PROTOTYPES = YES;
				CLANG_WARN_SUSPICIOUS_MOVE = YES;
				CLANG_WARN_UNGUARDED_AVAILABILITY = YES_AGGRESSIVE;
				CLANG_WARN_UNREACHABLE_CODE = YES;
				CLANG_WARN__DUPLICATE_METHOD_MATCH = YES;
				COPY_PHASE_STRIP = NO;
				DEBUG_INFORMATION_FORMAT = dwarf;
				ENABLE_STRICT_OBJC_MSGSEND = YES;
				ENABLE_TESTABILITY = YES;
				ENABLE_USER_SCRIPT_SANDBOXING = YES;
				GCC_C_LANGUAGE_STANDARD = gnu17;
				GCC_DYNAMIC_NO_PIC = NO;
				GCC_NO_COMMON_BLOCKS = YES;
				GCC_OPTIMIZATION_LEVEL = 0;
				GCC_PREPROCESSOR_DEFINITIONS = (
					"DEBUG=1",
					"$(inherited)",
				);
				GCC_WARN_64_TO_32_BIT_CONVERSION = YES;
				GCC_WARN_ABOUT_RETURN_TYPE = YES_ERROR;
				GCC_WARN_UNDECLARED_SELECTOR = YES;
				GCC_WARN_UNINITIALIZED_AUTOS = YES_AGGRESSIVE;
				GCC_WARN_UNUSED_FUNCTION = YES;
				GCC_WARN_UNUSED_VARIABLE = YES;
				LOCALIZATION_PREFERS_STRING_CATALOGS = YES;
				MACOSX_DEPLOYMENT_TARGET = 14.5;
				MTL_ENABLE_DEBUG_INFO = INCLUDE_SOURCE;
				MTL_FAST_MATH = YES;
				ONLY_ACTIVE_ARCH = YES;
				SDKROOT = macosx;
			};
			name = Debug;
		};
		CCD16AB52CE8D80C00FF9A8C /* Release */ = {
			isa = XCBuildConfiguration;
			buildSettings = {
				ALWAYS_SEARCH_USER_PATHS = NO;
				ASSETCATALOG_COMPILER_GENERATE_SWIFT_ASSET_SYMBOL_EXTENSIONS = YES;
				CLANG_ANALYZER_NONNULL = YES;
				CLANG_ANALYZER_NUMBER_OBJECT_CONVERSION = YES_AGGRESSIVE;
				CLANG_CXX_LANGUAGE_STANDARD = "gnu++20";
				CLANG_ENABLE_MODULES = YES;
				CLANG_ENABLE_OBJC_ARC = YES;
				CLANG_ENABLE_OBJC_WEAK = YES;
				CLANG_WARN_BLOCK_CAPTURE_AUTORELEASING = YES;
				CLANG_WARN_BOOL_CONVERSION = YES;
				CLANG_WARN_COMMA = YES;
				CLANG_WARN_CONSTANT_CONVERSION = YES;
				CLANG_WARN_DEPRECATED_OBJC_IMPLEMENTATIONS = YES;
				CLANG_WARN_DIRECT_OBJC_ISA_USAGE = YES_ERROR;
				CLANG_WARN_DOCUMENTATION_COMMENTS = YES;
				CLANG_WARN_EMPTY_BODY = YES;
				CLANG_WARN_ENUM_CONVERSION = YES;
				CLANG_WARN_INFINITE_RECURSION = YES;
				CLANG_WARN_INT_CONVERSION = YES;
				CLANG_WARN_NON_LITERAL_NULL_CONVERSION = YES;
				CLANG_WARN_OBJC_IMPLICIT_RETAIN_SELF = YES;
				CLANG_WARN_OBJC_LITERAL_CONVERSION = YES;
				CLANG_WARN_OBJC_ROOT_CLASS = YES_ERROR;
				CLANG_WARN_QUOTED_INCLUDE_IN_FRAMEWORK_HEADER = YES;
				CLANG_WARN_RANGE_LOOP_ANALYSIS = YES;
				CLANG_WARN_STRICT_PROTOTYPES = YES;
				CLANG_WARN_SUSPICIOUS_MOVE = YES;
				CLANG_WARN_UNGUARDED_AVAILABILITY = YES_AGGRESSIVE;
				CLANG_WARN_UNREACHABLE_CODE = YES;
				CLANG_WARN__DUPLICATE_METHOD_MATCH = YES;
				COPY_PHASE_STRIP = NO;
				DEBUG_INFORMATION_FORMAT = "dwarf-with-dsym";
				ENABLE_NS_ASSERTIONS = NO;
				ENABLE_STRICT_OBJC_MSGSEND = YES;
				ENABLE_USER_SCRIPT_SANDBOXING = YES;
				GCC_C_LANGUAGE_STANDARD = gnu17;
				GCC_NO_COMMON_BLOCKS = YES;
				GCC_WARN_64_TO_32_BIT_CONVERSION = YES;
				GCC_WARN_ABOUT_RETURN_TYPE = YES_ERROR;
				GCC_WARN_UNDECLARED_SELECTOR = YES;
				GCC_WARN_UNINITIALIZED_AUTOS = YES_AGGRESSIVE;
				GCC_WARN_UNUSED_FUNCTION = YES;
				GCC_WARN_UNUSED_VARIABLE = YES;
				LOCALIZATION_PREFERS_STRING_CATALOGS = YES;
				MACOSX_DEPLOYMENT_TARGET = 14.5;
				MTL_ENABLE_DEBUG_INFO = NO;
				MTL_FAST_MATH = YES;
				SDKROOT = macosx;
			};
			name = Release;
		};
		CCD16AB72CE8D80C00FF9A8C /* Debug */ = {
			isa = XCBuildConfiguration;
			buildSettings = {
				ASSETCATALOG_COMPILER_APPICON_NAME = AppIcon;
				ASSETCATALOG_COMPILER_GLOBAL_ACCENT_COLOR_NAME = AccentColor;
				CODE_SIGN_ENTITLEMENTS = eldenalert/eldenalert.entitlements;
				CODE_SIGN_STYLE = Automatic;
				COMBINE_HIDPI_IMAGES = YES;
				CURRENT_PROJECT_VERSION = 42;
				GENERATE_INFOPLIST_FILE = YES;
				INFOPLIST_FILE = eldenalert/Info.plist;
				INFOPLIST_KEY_LSUIElement = YES;
				INFOPLIST_KEY_NSHumanReadableCopyright = "";
				INFOPLIST_KEY_NSMainStoryboardFile = Main;
				INFOPLIST_KEY_NSPrincipalClass = NSApplication;
				LD_RUNPATH_SEARCH_PATHS = (
					"$(inherited)",
					"@executable_path/../Frameworks",
				);
				MACOSX_DEPLOYMENT_TARGET = 12.0;
				MARKETING_VERSION = 1.0.0;
				PRODUCT_BUNDLE_IDENTIFIER = moe.uwucocoa.eldenalert;
				PRODUCT_NAME = "$(TARGET_NAME)";
				SWIFT_EMIT_LOC_STRINGS = YES;
			};
			name = Debug;
		};
		CCD16AB82CE8D80C00FF9A8C /* Release */ = {
			isa = XCBuildConfiguration;
			buildSettings = {
				ASSETCATALOG_COMPILER_APPICON_NAME = AppIcon;
				ASSETCATALOG_COMPILER_GLOBAL_ACCENT_COLOR_NAME = AccentColor;
				CODE_SIGN_ENTITLEMENTS = eldenalert/eldenalert.entitlements;
				CODE_SIGN_STYLE = Automatic;
				COMBINE_HIDPI_IMAGES = YES;
				CURRENT_PROJECT_VERSION = 42;
				GENERATE_INFOPLIST_FILE = YES;
				INFOPLIST_FILE = eldenalert/Info.plist;
				INFOPLIST_KEY_LSUIElement = YES;
				INFOPLIST_KEY_NSHumanReadableCopyright = "";
				INFOPLIST_KEY_NSMainStoryboardFile = Main;
				INFOPLIST_KEY_NSPrincipalClass = NSApplication;
				LD_RUNPATH_SEARCH_PATHS = (
					"$(inherited)",
					"@executable_path/../Frameworks",
				);
				MACOSX_DEPLOYMENT_TARGET = 12.0;
				MARKETING_VERSION = 1.0.0;
				PRODUCT_BUNDLE_IDENTIFIER = moe.uwucocoa.eldenalert;
				PRODUCT_NAME = "$(TARGET_NAME)";
				SWIFT_EMIT_LOC_STRINGS = YES;
			};
			name = Release;
		};
/* End XCBuildConfiguration section */

/* Begin XCConfigurationList section */
		CCD16A9E2CE8D80B00FF9A8C /* Build configuration list for PBXProject "eldenalert" */ = {
			isa = XCConfigurationList;
			buildConfigurations = (
				CCD16AB42CE8D80C00FF9A8C /* Debug */,
				CCD16AB52CE8D80C00FF9A8C /* Release */,
			);
			defaultConfigurationIsVisible = 0;
			defaultConfigurationName = Release;
		};
		CCD16AB62CE8D80C00FF9A8C /* Build configuration list for PBXNativeTarget "eldenalert" */ = {
			isa = XCConfigurationList;
			buildConfigurations = (
				CCD16AB72CE8D80C00FF9A8C /* Debug */,
				CCD16AB82CE8D80C00FF9A8C /* Release */,
			);
			defaultConfigurationIsVisible = 0;
			defaultConfigurationName = Release;
		};
/* End XCConfigurationList section */
	};
	rootObject = CCD16A9B2CE8D80B00FF9A8C /* Project object */;
}
